
Microsoft Visual Studio Solution File, Format Version 12.00
# Visual Studio Version 16
VisualStudioVersion = 16.0.30907.101
MinimumVisualStudioVersion = 10.0.40219.1
Project("{FAE04EC0-301F-11D3-BF4B-00C04F79EFBC}") = "webAPI2", "webAPI2\webAPI2.csproj", "{AB805A4F-B709-4C0E-8E71-5CB90E6658B8}"
EndProject
Global
	GlobalSection(SolutionConfigurationPlatforms) = preSolution
		Debug|Any CPU = Debug|Any CPU
		Release|Any CPU = Release|Any CPU
	EndGlobalSection
	GlobalSection(ProjectConfigurationPlatforms) = postSolution
		{AB805A4F-B709-4C0E-8E71-5CB90E6658B8}.Debug|Any CPU.ActiveCfg = Debug|Any CPU
		{AB805A4F-B709-4C0E-8E71-5CB90E6658B8}.Debug|Any CPU.Build.0 = Debug|Any CPU
		{AB805A4F-B709-4C0E-8E71-5CB90E6658B8}.Release|Any CPU.ActiveCfg = Release|Any CPU
		{AB805A4F-B709-4C0E-8E71-5CB90E6658B8}.Release|Any CPU.Build.0 = Release|Any CPU
	EndGlobalSection
	GlobalSection(SolutionProperties) = preSolution
		HideSolutionNode = FALSE
	EndGlobalSection
	GlobalSection(ExtensibilityGlobals) = postSolution
		SolutionGuid = {C66C2E0A-70E6-48EF-BDD6-B7982F9FBD8B}
	EndGlobalSection
EndGlobal
